
Microsoft Visual Studio Solution File, Format Version 12.00
# Visual Studio 15
VisualStudioVersion = 15.0.28307.1622
MinimumVisualStudioVersion = 10.0.40219.1
Project("{9A19103F-16F7-4668-BE54-9A1E7A4F7556}") = "Presentation", "RestaurantReservationProject\Presentation.csproj", "{3A2CF4E7-3C1F-4167-AD6F-D32E5949E2FA}"
EndProject
Project("{9A19103F-16F7-4668-BE54-9A1E7A4F7556}") = "BusinessLogic", "BusinessLogic\BusinessLogic.csproj", "{74DB5820-B186-4E34-B3DF-40E4F2D91535}"
EndProject
Project("{9A19103F-16F7-4668-BE54-9A1E7A4F7556}") = "DataAccess", "DataAccess\DataAccess.csproj", "{254CC334-2FC8-4950-8D57-2F30C07E0840}"
EndProject
Project("{9A19103F-16F7-4668-BE54-9A1E7A4F7556}") = "RestaurantReservationUnitTests", "RestaurantReservationUnitTests\RestaurantReservationUnitTests.csproj", "{E39B5463-1765-4B7F-9B55-61B05CB0F6A7}"
EndProject
Project("{9A19103F-16F7-4668-BE54-9A1E7A4F7556}") = "DataAccess.interfaces", "DataAcces.interfaces\DataAccess.interfaces.csproj", "{FA2F9CD6-DBE0-42EF-81D4-F72C042AC68F}"
EndProject
Global
	GlobalSection(SolutionConfigurationPlatforms) = preSolution
		Debug|Any CPU = Debug|Any CPU
		Release|Any CPU = Release|Any CPU
	EndGlobalSection
	GlobalSection(ProjectConfigurationPlatforms) = postSolution
		{3A2CF4E7-3C1F-4167-AD6F-D32E5949E2FA}.Debug|Any CPU.ActiveCfg = Debug|Any CPU
		{3A2CF4E7-3C1F-4167-AD6F-D32E5949E2FA}.Debug|Any CPU.Build.0 = Debug|Any CPU
		{3A2CF4E7-3C1F-4167-AD6F-D32E5949E2FA}.Release|Any CPU.ActiveCfg = Release|Any CPU
		{3A2CF4E7-3C1F-4167-AD6F-D32E5949E2FA}.Release|Any CPU.Build.0 = Release|Any CPU
		{74DB5820-B186-4E34-B3DF-40E4F2D91535}.Debug|Any CPU.ActiveCfg = Debug|Any CPU
		{74DB5820-B186-4E34-B3DF-40E4F2D91535}.Debug|Any CPU.Build.0 = Debug|Any CPU
		{74DB5820-B186-4E34-B3DF-40E4F2D91535}.Release|Any CPU.ActiveCfg = Release|Any CPU
		{74DB5820-B186-4E34-B3DF-40E4F2D91535}.Release|Any CPU.Build.0 = Release|Any CPU
		{254CC334-2FC8-4950-8D57-2F30C07E0840}.Debug|Any CPU.ActiveCfg = Debug|Any CPU
		{254CC334-2FC8-4950-8D57-2F30C07E0840}.Debug|Any CPU.Build.0 = Debug|Any CPU
		{254CC334-2FC8-4950-8D57-2F30C07E0840}.Release|Any CPU.ActiveCfg = Release|Any CPU
		{254CC334-2FC8-4950-8D57-2F30C07E0840}.Release|Any CPU.Build.0 = Release|Any CPU
		{E39B5463-1765-4B7F-9B55-61B05CB0F6A7}.Debug|Any CPU.ActiveCfg = Debug|Any CPU
		{E39B5463-1765-4B7F-9B55-61B05CB0F6A7}.Debug|Any CPU.Build.0 = Debug|Any CPU
		{E39B5463-1765-4B7F-9B55-61B05CB0F6A7}.Release|Any CPU.ActiveCfg = Release|Any CPU
		{E39B5463-1765-4B7F-9B55-61B05CB0F6A7}.Release|Any CPU.Build.0 = Release|Any CPU
		{FA2F9CD6-DBE0-42EF-81D4-F72C042AC68F}.Debug|Any CPU.ActiveCfg = Debug|Any CPU
		{FA2F9CD6-DBE0-42EF-81D4-F72C042AC68F}.Debug|Any CPU.Build.0 = Debug|Any CPU
		{FA2F9CD6-DBE0-42EF-81D4-F72C042AC68F}.Release|Any CPU.ActiveCfg = Release|Any CPU
		{FA2F9CD6-DBE0-42EF-81D4-F72C042AC68F}.Release|Any CPU.Build.0 = Release|Any CPU
	EndGlobalSection
	GlobalSection(SolutionProperties) = preSolution
		HideSolutionNode = FALSE
	EndGlobalSection
	GlobalSection(ExtensibilityGlobals) = postSolution
		SolutionGuid = {F4B8349D-30E2-46BC-8D64-798B1A502B02}
	EndGlobalSection
EndGlobal
